// !$*UTF8*$!
{
	archiveVersion = 1;
	classes = {
	};
	objectVersion = 46;
	objects = {

/* Begin PBXBuildFile section */
		0034F3231584867C003C2C57 /* IAPHelper.m in Sources */ = {isa = PBXBuildFile; fileRef = 0034F3221584867C003C2C57 /* IAPHelper.m */; };
		0034F326158486C3003C2C57 /* StoreKit.framework in Frameworks */ = {isa = PBXBuildFile; fileRef = 0034F325158486C2003C2C57 /* StoreKit.framework */; };
		00BB160B1584D0140043F58C /* StoreViewController.xib in Resources */ = {isa = PBXBuildFile; fileRef = 00BB16081584D0140043F58C /* StoreViewController.xib */; };
		00BB160C1584D0140043F58C /* StoreViewController.m in Sources */ = {isa = PBXBuildFile; fileRef = 00BB160A1584D0140043F58C /* StoreViewController.m */; };
		8B74CE4515850F19004D5564 /* AudioToolbox.framework in Frameworks */ = {isa = PBXBuildFile; fileRef = 8B74CE4415850F19004D5564 /* AudioToolbox.framework */; };
		8B74CE5515851D52004D5564 /* stillAlive.wav in Resources */ = {isa = PBXBuildFile; fileRef = 8B74CE5415851D52004D5564 /* stillAlive.wav */; };
		8BC6FB0F15850163007F9113 /* tick.wav in Resources */ = {isa = PBXBuildFile; fileRef = 8BC6FB0E15850163007F9113 /* tick.wav */; };
		C006AE1215845CBF00112790 /* UIKit.framework in Frameworks */ = {isa = PBXBuildFile; fileRef = C006AE1115845CBF00112790 /* UIKit.framework */; };
		C006AE1415845CBF00112790 /* Foundation.framework in Frameworks */ = {isa = PBXBuildFile; fileRef = C006AE1315845CBF00112790 /* Foundation.framework */; };
		C006AE1615845CBF00112790 /* CoreGraphics.framework in Frameworks */ = {isa = PBXBuildFile; fileRef = C006AE1515845CBF00112790 /* CoreGraphics.framework */; };
		C006AE1C15845CBF00112790 /* InfoPlist.strings in Resources */ = {isa = PBXBuildFile; fileRef = C006AE1A15845CBF00112790 /* InfoPlist.strings */; };
		C006AE1E15845CBF00112790 /* main.m in Sources */ = {isa = PBXBuildFile; fileRef = C006AE1D15845CBF00112790 /* main.m */; };
		C006AE2215845CBF00112790 /* AppDelegate.m in Sources */ = {isa = PBXBuildFile; fileRef = C006AE2115845CBF00112790 /* AppDelegate.m */; };
		C006AE2515845CBF00112790 /* ViewController.m in Sources */ = {isa = PBXBuildFile; fileRef = C006AE2415845CBF00112790 /* ViewController.m */; };
		C006AE2815845CBF00112790 /* ViewController_iPhone.xib in Resources */ = {isa = PBXBuildFile; fileRef = C006AE2615845CBF00112790 /* ViewController_iPhone.xib */; };
		C0F2A75A1584F2A60049E52D /* BoomViewController.m in Sources */ = {isa = PBXBuildFile; fileRef = C0F2A7581584F2A60049E52D /* BoomViewController.m */; };
		C0F2A75B1584F2A60049E52D /* BoomViewController.xib in Resources */ = {isa = PBXBuildFile; fileRef = C0F2A7591584F2A60049E52D /* BoomViewController.xib */; };
		C0F2A75F1584FA3B0049E52D /* skull-head-danger-bones.jpg in Resources */ = {isa = PBXBuildFile; fileRef = C0F2A75E1584FA3B0049E52D /* skull-head-danger-bones.jpg */; };
		FC39120615850ECA007E0942 /* MBProgressHUD.m in Sources */ = {isa = PBXBuildFile; fileRef = FC39120515850ECA007E0942 /* MBProgressHUD.m */; };
		FC40B8C315846BEF00EF23D4 /* GameKit.framework in Frameworks */ = {isa = PBXBuildFile; fileRef = FC40B8C115846BDD00EF23D4 /* GameKit.framework */; };
		FC40B8CF1584B00700EF23D4 /* game-center-logo.png in Resources */ = {isa = PBXBuildFile; fileRef = FC40B8CE1584B00700EF23D4 /* game-center-logo.png */; };
		FC40B8D81584B4D500EF23D4 /* WelcomeViewController.m in Sources */ = {isa = PBXBuildFile; fileRef = FC40B8D61584B4D500EF23D4 /* WelcomeViewController.m */; };
		FC40B8D91584B4D500EF23D4 /* WelcomeViewController.xib in Resources */ = {isa = PBXBuildFile; fileRef = FC40B8D71584B4D500EF23D4 /* WelcomeViewController.xib */; };
/* End PBXBuildFile section */

/* Begin PBXFileReference section */
		0034F3211584867C003C2C57 /* IAPHelper.h */ = {isa = PBXFileReference; fileEncoding = 4; lastKnownFileType = sourcecode.c.h; path = IAPHelper.h; sourceTree = "<group>"; };
		0034F3221584867C003C2C57 /* IAPHelper.m */ = {isa = PBXFileReference; fileEncoding = 4; lastKnownFileType = sourcecode.c.objc; path = IAPHelper.m; sourceTree = "<group>"; };
		0034F325158486C2003C2C57 /* StoreKit.framework */ = {isa = PBXFileReference; lastKnownFileType = wrapper.framework; name = StoreKit.framework; path = System/Library/Frameworks/StoreKit.framework; sourceTree = SDKROOT; };
		00BB16081584D0140043F58C /* StoreViewController.xib */ = {isa = PBXFileReference; fileEncoding = 4; lastKnownFileType = file.xib; path = StoreViewController.xib; sourceTree = "<group>"; };
		00BB16091584D0140043F58C /* StoreViewController.h */ = {isa = PBXFileReference; fileEncoding = 4; lastKnownFileType = sourcecode.c.h; path = StoreViewController.h; sourceTree = "<group>"; };
		00BB160A1584D0140043F58C /* StoreViewController.m */ = {isa = PBXFileReference; fileEncoding = 4; lastKnownFileType = sourcecode.c.objc; path = StoreViewController.m; sourceTree = "<group>"; };
		8B74CE4415850F19004D5564 /* AudioToolbox.framework */ = {isa = PBXFileReference; lastKnownFileType = wrapper.framework; name = AudioToolbox.framework; path = System/Library/Frameworks/AudioToolbox.framework; sourceTree = SDKROOT; };
		8B74CE5415851D52004D5564 /* stillAlive.wav */ = {isa = PBXFileReference; lastKnownFileType = audio.wav; name = stillAlive.wav; path = "desmond-project/stillAlive.wav"; sourceTree = "<group>"; };
		8BC6FB0E15850163007F9113 /* tick.wav */ = {isa = PBXFileReference; lastKnownFileType = audio.wav; name = tick.wav; path = "desmond-project/tick.wav"; sourceTree = "<group>"; };
		C006AE0D15845CBF00112790 /* desmond-project.app */ = {isa = PBXFileReference; explicitFileType = wrapper.application; includeInIndex = 0; path = "desmond-project.app"; sourceTree = BUILT_PRODUCTS_DIR; };
		C006AE1115845CBF00112790 /* UIKit.framework */ = {isa = PBXFileReference; lastKnownFileType = wrapper.framework; name = UIKit.framework; path = System/Library/Frameworks/UIKit.framework; sourceTree = SDKROOT; };
		C006AE1315845CBF00112790 /* Foundation.framework */ = {isa = PBXFileReference; lastKnownFileType = wrapper.framework; name = Foundation.framework; path = System/Library/Frameworks/Foundation.framework; sourceTree = SDKROOT; };
		C006AE1515845CBF00112790 /* CoreGraphics.framework */ = {isa = PBXFileReference; lastKnownFileType = wrapper.framework; name = CoreGraphics.framework; path = System/Library/Frameworks/CoreGraphics.framework; sourceTree = SDKROOT; };
		C006AE1915845CBF00112790 /* desmond-project-Info.plist */ = {isa = PBXFileReference; lastKnownFileType = text.plist.xml; path = "desmond-project-Info.plist"; sourceTree = "<group>"; };
		C006AE1B15845CBF00112790 /* en */ = {isa = PBXFileReference; lastKnownFileType = text.plist.strings; name = en; path = en.lproj/InfoPlist.strings; sourceTree = "<group>"; };
		C006AE1D15845CBF00112790 /* main.m */ = {isa = PBXFileReference; lastKnownFileType = sourcecode.c.objc; path = main.m; sourceTree = "<group>"; };
		C006AE1F15845CBF00112790 /* desmond-project-Prefix.pch */ = {isa = PBXFileReference; lastKnownFileType = sourcecode.c.h; path = "desmond-project-Prefix.pch"; sourceTree = "<group>"; };
		C006AE2015845CBF00112790 /* AppDelegate.h */ = {isa = PBXFileReference; lastKnownFileType = sourcecode.c.h; path = AppDelegate.h; sourceTree = "<group>"; };
		C006AE2115845CBF00112790 /* AppDelegate.m */ = {isa = PBXFileReference; lastKnownFileType = sourcecode.c.objc; path = AppDelegate.m; sourceTree = "<group>"; };
		C006AE2315845CBF00112790 /* ViewController.h */ = {isa = PBXFileReference; lastKnownFileType = sourcecode.c.h; path = ViewController.h; sourceTree = "<group>"; };
		C006AE2415845CBF00112790 /* ViewController.m */ = {isa = PBXFileReference; lastKnownFileType = sourcecode.c.objc; path = ViewController.m; sourceTree = "<group>"; };
		C006AE2715845CBF00112790 /* en */ = {isa = PBXFileReference; lastKnownFileType = file.xib; name = en; path = en.lproj/ViewController_iPhone.xib; sourceTree = "<group>"; };
		C0BC6A2D15849CBD0079779A /* config.h */ = {isa = PBXFileReference; fileEncoding = 4; lastKnownFileType = sourcecode.c.h; path = config.h; sourceTree = "<group>"; };
		C0F2A7571584F2A60049E52D /* BoomViewController.h */ = {isa = PBXFileReference; fileEncoding = 4; lastKnownFileType = sourcecode.c.h; path = BoomViewController.h; sourceTree = "<group>"; };
		C0F2A7581584F2A60049E52D /* BoomViewController.m */ = {isa = PBXFileReference; fileEncoding = 4; lastKnownFileType = sourcecode.c.objc; path = BoomViewController.m; sourceTree = "<group>"; };
		C0F2A7591584F2A60049E52D /* BoomViewController.xib */ = {isa = PBXFileReference; fileEncoding = 4; lastKnownFileType = file.xib; path = BoomViewController.xib; sourceTree = "<group>"; };
		C0F2A75E1584FA3B0049E52D /* skull-head-danger-bones.jpg */ = {isa = PBXFileReference; lastKnownFileType = image.jpeg; path = "skull-head-danger-bones.jpg"; sourceTree = "<group>"; };
		FC39120415850ECA007E0942 /* MBProgressHUD.h */ = {isa = PBXFileReference; fileEncoding = 4; lastKnownFileType = sourcecode.c.h; path = MBProgressHUD.h; sourceTree = "<group>"; };
		FC39120515850ECA007E0942 /* MBProgressHUD.m */ = {isa = PBXFileReference; fileEncoding = 4; lastKnownFileType = sourcecode.c.objc; path = MBProgressHUD.m; sourceTree = "<group>"; };
		FC40B8C115846BDD00EF23D4 /* GameKit.framework */ = {isa = PBXFileReference; lastKnownFileType = wrapper.framework; name = GameKit.framework; path = System/Library/Frameworks/GameKit.framework; sourceTree = SDKROOT; };
		FC40B8CE1584B00700EF23D4 /* game-center-logo.png */ = {isa = PBXFileReference; lastKnownFileType = image.png; path = "game-center-logo.png"; sourceTree = "<group>"; };
		FC40B8D51584B4D500EF23D4 /* WelcomeViewController.h */ = {isa = PBXFileReference; fileEncoding = 4; lastKnownFileType = sourcecode.c.h; path = WelcomeViewController.h; sourceTree = "<group>"; };
		FC40B8D61584B4D500EF23D4 /* WelcomeViewController.m */ = {isa = PBXFileReference; fileEncoding = 4; lastKnownFileType = sourcecode.c.objc; path = WelcomeViewController.m; sourceTree = "<group>"; };
		FC40B8D71584B4D500EF23D4 /* WelcomeViewController.xib */ = {isa = PBXFileReference; fileEncoding = 4; lastKnownFileType = file.xib; path = WelcomeViewController.xib; sourceTree = "<group>"; };
/* End PBXFileReference section */

/* Begin PBXFrameworksBuildPhase section */
		C006AE0A15845CBF00112790 /* Frameworks */ = {
			isa = PBXFrameworksBuildPhase;
			buildActionMask = 2147483647;
			files = (
				8B74CE4515850F19004D5564 /* AudioToolbox.framework in Frameworks */,
				FC40B8C315846BEF00EF23D4 /* GameKit.framework in Frameworks */,
				0034F326158486C3003C2C57 /* StoreKit.framework in Frameworks */,
				C006AE1215845CBF00112790 /* UIKit.framework in Frameworks */,
				C006AE1415845CBF00112790 /* Foundation.framework in Frameworks */,
				C006AE1615845CBF00112790 /* CoreGraphics.framework in Frameworks */,
			);
			runOnlyForDeploymentPostprocessing = 0;
		};
/* End PBXFrameworksBuildPhase section */

/* Begin PBXGroup section */
		8BC6FB101585016A007F9113 /* Resources */ = {
			isa = PBXGroup;
			children = (
				8B74CE5415851D52004D5564 /* stillAlive.wav */,
				8BC6FB0E15850163007F9113 /* tick.wav */,
			);
			name = Resources;
			sourceTree = "<group>";
		};
		C006AE0215845CBE00112790 = {
			isa = PBXGroup;
			children = (
				8BC6FB101585016A007F9113 /* Resources */,
				C006AE1715845CBF00112790 /* desmond-project */,
				C006AE1015845CBF00112790 /* Frameworks */,
				C006AE0E15845CBF00112790 /* Products */,
			);
			sourceTree = "<group>";
		};
		C006AE0E15845CBF00112790 /* Products */ = {
			isa = PBXGroup;
			children = (
				C006AE0D15845CBF00112790 /* desmond-project.app */,
			);
			name = Products;
			sourceTree = "<group>";
		};
		C006AE1015845CBF00112790 /* Frameworks */ = {
			isa = PBXGroup;
			children = (
				8B74CE4415850F19004D5564 /* AudioToolbox.framework */,
				0034F325158486C2003C2C57 /* StoreKit.framework */,
				FC40B8C115846BDD00EF23D4 /* GameKit.framework */,
				C006AE1115845CBF00112790 /* UIKit.framework */,
				C006AE1315845CBF00112790 /* Foundation.framework */,
				C006AE1515845CBF00112790 /* CoreGraphics.framework */,
			);
			name = Frameworks;
			sourceTree = "<group>";
		};
		C006AE1715845CBF00112790 /* desmond-project */ = {
			isa = PBXGroup;
			children = (
				FC39120415850ECA007E0942 /* MBProgressHUD.h */,
				FC39120515850ECA007E0942 /* MBProgressHUD.m */,
				C0BC6A2D15849CBD0079779A /* config.h */,
				0034F3211584867C003C2C57 /* IAPHelper.h */,
				0034F3221584867C003C2C57 /* IAPHelper.m */,
				C006AE2015845CBF00112790 /* AppDelegate.h */,
				C006AE2115845CBF00112790 /* AppDelegate.m */,
				00BB16091584D0140043F58C /* StoreViewController.h */,
				00BB160A1584D0140043F58C /* StoreViewController.m */,
				00BB16081584D0140043F58C /* StoreViewController.xib */,
				C006AE2315845CBF00112790 /* ViewController.h */,
				C006AE2415845CBF00112790 /* ViewController.m */,
				C006AE2615845CBF00112790 /* ViewController_iPhone.xib */,
				FC40B8D51584B4D500EF23D4 /* WelcomeViewController.h */,
				FC40B8D61584B4D500EF23D4 /* WelcomeViewController.m */,
				FC40B8D71584B4D500EF23D4 /* WelcomeViewController.xib */,
				C0F2A7571584F2A60049E52D /* BoomViewController.h */,
				C0F2A7581584F2A60049E52D /* BoomViewController.m */,
				C0F2A7591584F2A60049E52D /* BoomViewController.xib */,
				C006AE1815845CBF00112790 /* Supporting Files */,
			);
			path = "desmond-project";
			sourceTree = "<group>";
		};
		C006AE1815845CBF00112790 /* Supporting Files */ = {
			isa = PBXGroup;
			children = (
				C0F2A75E1584FA3B0049E52D /* skull-head-danger-bones.jpg */,
				C006AE1915845CBF00112790 /* desmond-project-Info.plist */,
				C006AE1A15845CBF00112790 /* InfoPlist.strings */,
				C006AE1D15845CBF00112790 /* main.m */,
				C006AE1F15845CBF00112790 /* desmond-project-Prefix.pch */,
				FC40B8CE1584B00700EF23D4 /* game-center-logo.png */,
			);
			name = "Supporting Files";
			sourceTree = "<group>";
		};
/* End PBXGroup section */

/* Begin PBXNativeTarget section */
		C006AE0C15845CBF00112790 /* desmond-project */ = {
			isa = PBXNativeTarget;
			buildConfigurationList = C006AE2E15845CBF00112790 /* Build configuration list for PBXNativeTarget "desmond-project" */;
			buildPhases = (
				C006AE0915845CBF00112790 /* Sources */,
				C006AE0A15845CBF00112790 /* Frameworks */,
				C006AE0B15845CBF00112790 /* Resources */,
			);
			buildRules = (
			);
			dependencies = (
			);
			name = "desmond-project";
			productName = "desmond-project";
			productReference = C006AE0D15845CBF00112790 /* desmond-project.app */;
			productType = "com.apple.product-type.application";
		};
/* End PBXNativeTarget section */

/* Begin PBXProject section */
		C006AE0415845CBE00112790 /* Project object */ = {
			isa = PBXProject;
			attributes = {
				LastUpgradeCheck = 0420;
			};
			buildConfigurationList = C006AE0715845CBE00112790 /* Build configuration list for PBXProject "desmond-project" */;
			compatibilityVersion = "Xcode 3.2";
			developmentRegion = English;
			hasScannedForEncodings = 0;
			knownRegions = (
				en,
			);
			mainGroup = C006AE0215845CBE00112790;
			productRefGroup = C006AE0E15845CBF00112790 /* Products */;
			projectDirPath = "";
			projectRoot = "";
			targets = (
				C006AE0C15845CBF00112790 /* desmond-project */,
			);
		};
/* End PBXProject section */

/* Begin PBXResourcesBuildPhase section */
		C006AE0B15845CBF00112790 /* Resources */ = {
			isa = PBXResourcesBuildPhase;
			buildActionMask = 2147483647;
			files = (
				C006AE1C15845CBF00112790 /* InfoPlist.strings in Resources */,
				C006AE2815845CBF00112790 /* ViewController_iPhone.xib in Resources */,
				FC40B8CF1584B00700EF23D4 /* game-center-logo.png in Resources */,
				FC40B8D91584B4D500EF23D4 /* WelcomeViewController.xib in Resources */,
				00BB160B1584D0140043F58C /* StoreViewController.xib in Resources */,
				C0F2A75B1584F2A60049E52D /* BoomViewController.xib in Resources */,
				C0F2A75F1584FA3B0049E52D /* skull-head-danger-bones.jpg in Resources */,
				00BB160B1584D0140043F58C /* StoreViewController.xib in Resources */,
				8BC6FB0F15850163007F9113 /* tick.wav in Resources */,
				8B74CE5515851D52004D5564 /* stillAlive.wav in Resources */,
			);
			runOnlyForDeploymentPostprocessing = 0;
		};
/* End PBXResourcesBuildPhase section */

/* Begin PBXSourcesBuildPhase section */
		C006AE0915845CBF00112790 /* Sources */ = {
			isa = PBXSourcesBuildPhase;
			buildActionMask = 2147483647;
			files = (
				C006AE1E15845CBF00112790 /* main.m in Sources */,
				C006AE2215845CBF00112790 /* AppDelegate.m in Sources */,
				C006AE2515845CBF00112790 /* ViewController.m in Sources */,
				0034F3231584867C003C2C57 /* IAPHelper.m in Sources */,
				FC40B8D81584B4D500EF23D4 /* WelcomeViewController.m in Sources */,
				00BB160C1584D0140043F58C /* StoreViewController.m in Sources */,
				C0F2A75A1584F2A60049E52D /* BoomViewController.m in Sources */,
				FC39120615850ECA007E0942 /* MBProgressHUD.m in Sources */,
			);
			runOnlyForDeploymentPostprocessing = 0;
		};
/* End PBXSourcesBuildPhase section */

/* Begin PBXVariantGroup section */
		C006AE1A15845CBF00112790 /* InfoPlist.strings */ = {
			isa = PBXVariantGroup;
			children = (
				C006AE1B15845CBF00112790 /* en */,
			);
			name = InfoPlist.strings;
			sourceTree = "<group>";
		};
		C006AE2615845CBF00112790 /* ViewController_iPhone.xib */ = {
			isa = PBXVariantGroup;
			children = (
				C006AE2715845CBF00112790 /* en */,
			);
			name = ViewController_iPhone.xib;
			sourceTree = "<group>";
		};
/* End PBXVariantGroup section */

/* Begin XCBuildConfiguration section */
		C006AE2C15845CBF00112790 /* Debug */ = {
			isa = XCBuildConfiguration;
			buildSettings = {
				ALWAYS_SEARCH_USER_PATHS = NO;
				ARCHS = "$(ARCHS_STANDARD_32_BIT)";
				CLANG_ENABLE_OBJC_ARC = YES;
				CODE_SIGN_IDENTITY = "iPhone Developer: Daniel Melendez (2W4S95PD94)";
				"CODE_SIGN_IDENTITY[sdk=iphoneos*]" = "iPhone Developer: Daniel Melendez (2W4S95PD94)";
				COPY_PHASE_STRIP = NO;
				GCC_C_LANGUAGE_STANDARD = gnu99;
				GCC_DYNAMIC_NO_PIC = NO;
				GCC_OPTIMIZATION_LEVEL = 0;
				GCC_PREPROCESSOR_DEFINITIONS = (
					"DEBUG=1",
					"$(inherited)",
				);
				GCC_SYMBOLS_PRIVATE_EXTERN = NO;
				GCC_VERSION = com.apple.compilers.llvm.clang.1_0;
				GCC_WARN_ABOUT_MISSING_PROTOTYPES = YES;
				GCC_WARN_ABOUT_RETURN_TYPE = YES;
				GCC_WARN_UNUSED_VARIABLE = YES;
				IPHONEOS_DEPLOYMENT_TARGET = 5.0;
				PROVISIONING_PROFILE = "6AD5C4C4-6914-475E-AB73-5D40F75F9C01";
				"PROVISIONING_PROFILE[sdk=iphoneos*]" = "6AD5C4C4-6914-475E-AB73-5D40F75F9C01";
				SDKROOT = iphoneos5.0;
				TARGETED_DEVICE_FAMILY = "1,2";
			};
			name = Debug;
		};
		C006AE2D15845CBF00112790 /* Release */ = {
			isa = XCBuildConfiguration;
			buildSettings = {
				ALWAYS_SEARCH_USER_PATHS = NO;
				ARCHS = "$(ARCHS_STANDARD_32_BIT)";
				CLANG_ENABLE_OBJC_ARC = YES;
				"CODE_SIGN_IDENTITY[sdk=iphoneos*]" = "iPhone Developer";
				COPY_PHASE_STRIP = YES;
				GCC_C_LANGUAGE_STANDARD = gnu99;
				GCC_VERSION = com.apple.compilers.llvm.clang.1_0;
				GCC_WARN_ABOUT_MISSING_PROTOTYPES = YES;
				GCC_WARN_ABOUT_RETURN_TYPE = YES;
				GCC_WARN_UNUSED_VARIABLE = YES;
				IPHONEOS_DEPLOYMENT_TARGET = 5.0;
				OTHER_CFLAGS = "-DNS_BLOCK_ASSERTIONS=1";
				SDKROOT = iphoneos5.0;
				TARGETED_DEVICE_FAMILY = "1,2";
				VALIDATE_PRODUCT = YES;
			};
			name = Release;
		};
		C006AE2F15845CBF00112790 /* Debug */ = {
			isa = XCBuildConfiguration;
			buildSettings = {
				CODE_SIGN_IDENTITY = "iPhone Developer: Daniel Melendez (2W4S95PD94)";
				"CODE_SIGN_IDENTITY[sdk=iphoneos*]" = "iPhone Developer: Daniel Melendez (2W4S95PD94)";
				GCC_PRECOMPILE_PREFIX_HEADER = YES;
				GCC_PREFIX_HEADER = "desmond-project/desmond-project-Prefix.pch";
				INFOPLIST_FILE = "desmond-project/desmond-project-Info.plist";
				IPHONEOS_DEPLOYMENT_TARGET = 4.1;
				PRODUCT_NAME = "$(TARGET_NAME)";
				PROVISIONING_PROFILE = "6AD5C4C4-6914-475E-AB73-5D40F75F9C01";
				"PROVISIONING_PROFILE[sdk=iphoneos*]" = "6AD5C4C4-6914-475E-AB73-5D40F75F9C01";
				TARGETED_DEVICE_FAMILY = 1;
				WRAPPER_EXTENSION = app;
			};
			name = Debug;
		};
		C006AE3015845CBF00112790 /* Release */ = {
			isa = XCBuildConfiguration;
			buildSettings = {
				GCC_PRECOMPILE_PREFIX_HEADER = YES;
				GCC_PREFIX_HEADER = "desmond-project/desmond-project-Prefix.pch";
				INFOPLIST_FILE = "desmond-project/desmond-project-Info.plist";
				IPHONEOS_DEPLOYMENT_TARGET = 4.1;
				PRODUCT_NAME = "$(TARGET_NAME)";
				TARGETED_DEVICE_FAMILY = 1;
				WRAPPER_EXTENSION = app;
			};
			name = Release;
		};
/* End XCBuildConfiguration section */

/* Begin XCConfigurationList section */
		C006AE0715845CBE00112790 /* Build configuration list for PBXProject "desmond-project" */ = {
			isa = XCConfigurationList;
			buildConfigurations = (
				C006AE2C15845CBF00112790 /* Debug */,
				C006AE2D15845CBF00112790 /* Release */,
			);
			defaultConfigurationIsVisible = 0;
			defaultConfigurationName = Release;
		};
		C006AE2E15845CBF00112790 /* Build configuration list for PBXNativeTarget "desmond-project" */ = {
			isa = XCConfigurationList;
			buildConfigurations = (
				C006AE2F15845CBF00112790 /* Debug */,
				C006AE3015845CBF00112790 /* Release */,
			);
			defaultConfigurationIsVisible = 0;
			defaultConfigurationName = Release;
		};
/* End XCConfigurationList section */
	};
	rootObject = C006AE0415845CBE00112790 /* Project object */;
}
